# This file is generated by running "yarn install" inside your project.
# Manual changes might be lost - proceed with caution!

__metadata:
  version: 8
  cacheKey: 10

"@dittofeed/sdk-js-base@npm:^0.1.0":
  version: 0.1.0
  resolution: "@dittofeed/sdk-js-base@npm:0.1.0"
  checksum: 10/dd90e7a51ba7edd3b28a8a8bf2d3288b4a55d92e9351237eb2415f4d1918f1a07815d88104e0597ee77101f85b7796f1e5693a2b9f947f0ee3186fc126928fa7
  languageName: node
  linkType: hard

"@dittofeed/sdk-node@workspace:.":
  version: 0.0.0-use.local
  resolution: "@dittofeed/sdk-node@workspace:."
  dependencies:
    "@dittofeed/sdk-js-base": "npm:^0.1.0"
    "@types/node": "npm:^20.4.7"
    "@types/node-fetch": "npm:^2.6.4"
    node-fetch: "npm:^2.6.12"
    typescript: "npm:^5.1.0"
  languageName: unknown
  linkType: soft

"@types/node-fetch@npm:^2.6.4":
  version: 2.6.4
  resolution: "@types/node-fetch@npm:2.6.4"
  dependencies:
    "@types/node": "npm:*"
    form-data: "npm:^3.0.0"
  checksum: 10/e904b5f887099a2728979bce9bbae9cc5f851e97a8dc71fe9a6f900798ef0cab761a3027609e70ca73b0bfbd0a9433acdbc052301762eb2d7695d97975746be6
  languageName: node
  linkType: hard

"@types/node@npm:*":
  version: 20.4.8
  resolution: "@types/node@npm:20.4.8"
  checksum: 10/199b047de67708c36d4c432d46a6b9ef2cef4bfbf0c0e0b6831aee1a9c071e8430287a7cba18ea3c0b7d0332bc5e69e2bf71ba2da022769990e5551b90a65b18
  languageName: node
  linkType: hard

"@types/node@npm:^20.4.7":
  version: 20.4.7
  resolution: "@types/node@npm:20.4.7"
  checksum: 10/63c43283caeaf854853b2a1717754ebb094ea15cd9bb7b93a0a49cc5f5f533d6125986effec1e9bb5d8150c353c76a516bdecc7a74aba20bfde6a78e59952845
  languageName: node
  linkType: hard

"asynckit@npm:^0.4.0":
  version: 0.4.0
  resolution: "asynckit@npm:0.4.0"
  checksum: 10/3ce727cbc78f69d6a4722517a58ee926c8c21083633b1d3fdf66fd688f6c127a53a592141bd4866f9b63240a86e9d8e974b13919450bd17fa33c2d22c4558ad8
  languageName: node
  linkType: hard

"combined-stream@npm:^1.0.8":
  version: 1.0.8
  resolution: "combined-stream@npm:1.0.8"
  dependencies:
    delayed-stream: "npm:~1.0.0"
  checksum: 10/2e969e637d05d09fa50b02d74c83a1186f6914aae89e6653b62595cc75a221464f884f55f231b8f4df7a49537fba60bdc0427acd2bf324c09a1dbb84837e36e4
  languageName: node
  linkType: hard

"delayed-stream@npm:~1.0.0":
  version: 1.0.0
  resolution: "delayed-stream@npm:1.0.0"
  checksum: 10/46fe6e83e2cb1d85ba50bd52803c68be9bd953282fa7096f51fc29edd5d67ff84ff753c51966061e5ba7cb5e47ef6d36a91924eddb7f3f3483b1c560f77a0020
  languageName: node
  linkType: hard

"form-data@npm:^3.0.0":
  version: 3.0.1
  resolution: "form-data@npm:3.0.1"
  dependencies:
    asynckit: "npm:^0.4.0"
    combined-stream: "npm:^1.0.8"
    mime-types: "npm:^2.1.12"
  checksum: 10/944b40ff63b9cb1ca7a97e70f72104c548e0b0263e3e817e49919015a0d687453086259b93005389896dbffd3777cccea2e67c51f4e827590e5979b14ff91bf7
  languageName: node
  linkType: hard

"mime-db@npm:1.52.0":
  version: 1.52.0
  resolution: "mime-db@npm:1.52.0"
  checksum: 10/54bb60bf39e6f8689f6622784e668a3d7f8bed6b0d886f5c3c446cb3284be28b30bf707ed05d0fe44a036f8469976b2629bbea182684977b084de9da274694d7
  languageName: node
  linkType: hard

"mime-types@npm:^2.1.12":
  version: 2.1.35
  resolution: "mime-types@npm:2.1.35"
  dependencies:
    mime-db: "npm:1.52.0"
  checksum: 10/89aa9651b67644035de2784a6e665fc685d79aba61857e02b9c8758da874a754aed4a9aced9265f5ed1171fd934331e5516b84a7f0218031b6fa0270eca1e51a
  languageName: node
  linkType: hard

"node-fetch@npm:^2.6.12":
  version: 2.6.12
  resolution: "node-fetch@npm:2.6.12"
  dependencies:
    whatwg-url: "npm:^5.0.0"
  peerDependencies:
    encoding: ^0.1.0
  peerDependenciesMeta:
    encoding:
      optional: true
  checksum: 10/370ed4d906edad9709a81b54a0141d37d2973a27dc80c723d8ac14afcec6dc67bc6c70986a96992b64ec75d08159cc4b65ce6aa9063941168ea5ac73b24df9f8
  languageName: node
  linkType: hard

"tr46@npm:~0.0.3":
  version: 0.0.3
  resolution: "tr46@npm:0.0.3"
  checksum: 10/8f1f5aa6cb232f9e1bdc86f485f916b7aa38caee8a778b378ffec0b70d9307873f253f5cbadbe2955ece2ac5c83d0dc14a77513166ccd0a0c7fe197e21396695
  languageName: node
  linkType: hard

"typescript@npm:^5.1.0":
  version: 5.1.6
  resolution: "typescript@npm:5.1.6"
  bin:
    tsc: bin/tsc
    tsserver: bin/tsserver
  checksum: 10/f347cde665cf43dc4c1c7d9821c7d9bbec3c3914f4bdd82ee490e9fb9f6d99036ed8666463b6a192dd005eeef333c5087d5931bdd51ec853436ff9a670a7417e
  languageName: node
  linkType: hard

"typescript@patch:typescript@npm%3A^5.1.0#optional!builtin<compat/typescript>":
  version: 5.1.6
  resolution: "typescript@patch:typescript@npm%3A5.1.6#optional!builtin<compat/typescript>::version=5.1.6&hash=5da071"
  bin:
    tsc: bin/tsc
    tsserver: bin/tsserver
  checksum: 10/f5481fa3ba0eee8970f46708d13c05650a865ad093b586fc9573f425c64c57ca97e3308e110bb528deb3ccebe83f6fd7b5a8ac90018038da96326a9ccdf8e77c
  languageName: node
  linkType: hard

"webidl-conversions@npm:^3.0.0":
  version: 3.0.1
  resolution: "webidl-conversions@npm:3.0.1"
  checksum: 10/b65b9f8d6854572a84a5c69615152b63371395f0c5dcd6729c45789052296df54314db2bc3e977df41705eacb8bc79c247cee139a63fa695192f95816ed528ad
  languageName: node
  linkType: hard

"whatwg-url@npm:^5.0.0":
  version: 5.0.0
  resolution: "whatwg-url@npm:5.0.0"
  dependencies:
    tr46: "npm:~0.0.3"
    webidl-conversions: "npm:^3.0.0"
  checksum: 10/f95adbc1e80820828b45cc671d97da7cd5e4ef9deb426c31bcd5ab00dc7103042291613b3ef3caec0a2335ed09e0d5ed026c940755dbb6d404e2b27f940fdf07
  languageName: node
  linkType: hard
